
Microsoft Visual Studio Solution File, Format Version 12.00
# Visual Studio Version 17
VisualStudioVersion = 17.7.34003.232
MinimumVisualStudioVersion = 10.0.40219.1
Project("{9A19103F-16F7-4668-BE54-9A1E7A4F7556}") = "GenericTemplate.API", "Generic.Web\GenericTemplate.API.csproj", "{172DD0FE-36FD-4D0F-897D-6515D1E09D47}"
EndProject
Project("{9A19103F-16F7-4668-BE54-9A1E7A4F7556}") = "Generic.Database", "Generic.Database\Generic.Database.csproj", "{47C793A7-95C8-4A44-B45B-EE4D5685D2A0}"
EndProject
Global
	GlobalSection(SolutionConfigurationPlatforms) = preSolution
		Debug|Any CPU = Debug|Any CPU
		Release|Any CPU = Release|Any CPU
	EndGlobalSection
	GlobalSection(ProjectConfigurationPlatforms) = postSolution
		{172DD0FE-36FD-4D0F-897D-6515D1E09D47}.Debug|Any CPU.ActiveCfg = Debug|Any CPU
		{172DD0FE-36FD-4D0F-897D-6515D1E09D47}.Debug|Any CPU.Build.0 = Debug|Any CPU
		{172DD0FE-36FD-4D0F-897D-6515D1E09D47}.Release|Any CPU.ActiveCfg = Release|Any CPU
		{172DD0FE-36FD-4D0F-897D-6515D1E09D47}.Release|Any CPU.Build.0 = Release|Any CPU
		{47C793A7-95C8-4A44-B45B-EE4D5685D2A0}.Debug|Any CPU.ActiveCfg = Debug|Any CPU
		{47C793A7-95C8-4A44-B45B-EE4D5685D2A0}.Debug|Any CPU.Build.0 = Debug|Any CPU
		{47C793A7-95C8-4A44-B45B-EE4D5685D2A0}.Release|Any CPU.ActiveCfg = Release|Any CPU
		{47C793A7-95C8-4A44-B45B-EE4D5685D2A0}.Release|Any CPU.Build.0 = Release|Any CPU
	EndGlobalSection
	GlobalSection(SolutionProperties) = preSolution
		HideSolutionNode = FALSE
	EndGlobalSection
	GlobalSection(ExtensibilityGlobals) = postSolution
		SolutionGuid = {E699C7A9-A014-44D7-B14A-A142CEFA51C8}
	EndGlobalSection
EndGlobal
